// !$*UTF8*$!
{
	archiveVersion = 1;
	classes = {
	};
	objectVersion = 46;
	objects = {

/* Begin PBXBuildFile section */
		834B085E1666DCF10041B279 /* UIKit.framework in Frameworks */ = {isa = PBXBuildFile; fileRef = 83C0B5761651BC2F0098474A /* UIKit.framework */; };
		834B085F1666DCF10041B279 /* Foundation.framework in Frameworks */ = {isa = PBXBuildFile; fileRef = 83C0B5781651BC2F0098474A /* Foundation.framework */; };
		834B08651666DCF10041B279 /* InfoPlist.strings in Resources */ = {isa = PBXBuildFile; fileRef = 834B08631666DCF10041B279 /* InfoPlist.strings */; };
		834B08681666DCF10041B279 /* NearbyTests.m in Sources */ = {isa = PBXBuildFile; fileRef = 834B08671666DCF10041B279 /* NearbyTests.m */; };
		834B08BF1666E7D70041B279 /* SenTestingKit.framework in Frameworks */ = {isa = PBXBuildFile; fileRef = 834B08BE1666E7D70041B279 /* SenTestingKit.framework */; };
		834B08C11666F3CA0041B279 /* CoreLocation.framework in Frameworks */ = {isa = PBXBuildFile; fileRef = 834B08C01666F3CA0041B279 /* CoreLocation.framework */; };
		83890DF916657C1500D95853 /* QuartzCore.framework in Frameworks */ = {isa = PBXBuildFile; fileRef = 83890DF816657C1500D95853 /* QuartzCore.framework */; };
		83C0B5771651BC2F0098474A /* UIKit.framework in Frameworks */ = {isa = PBXBuildFile; fileRef = 83C0B5761651BC2F0098474A /* UIKit.framework */; };
		83C0B5791651BC2F0098474A /* Foundation.framework in Frameworks */ = {isa = PBXBuildFile; fileRef = 83C0B5781651BC2F0098474A /* Foundation.framework */; };
		83C0B57B1651BC2F0098474A /* CoreGraphics.framework in Frameworks */ = {isa = PBXBuildFile; fileRef = 83C0B57A1651BC2F0098474A /* CoreGraphics.framework */; };
		83C0B5811651BC2F0098474A /* InfoPlist.strings in Resources */ = {isa = PBXBuildFile; fileRef = 83C0B57F1651BC2F0098474A /* InfoPlist.strings */; };
		83C0B5831651BC2F0098474A /* main.m in Sources */ = {isa = PBXBuildFile; fileRef = 83C0B5821651BC2F0098474A /* main.m */; };
		83C0B5CB1651EAF40098474A /* MapKit.framework in Frameworks */ = {isa = PBXBuildFile; fileRef = 83C0B5CA1651EAF40098474A /* MapKit.framework */; };
		83ECECE416680F380078C93B /* disabled.png in Resources */ = {isa = PBXBuildFile; fileRef = 83ECECE016680F380078C93B /* disabled.png */; };
		83ECECE516680F380078C93B /* normal_down.png in Resources */ = {isa = PBXBuildFile; fileRef = 83ECECE116680F380078C93B /* normal_down.png */; };
		83ECECE616680F380078C93B /* normal.png in Resources */ = {isa = PBXBuildFile; fileRef = 83ECECE216680F380078C93B /* normal.png */; };
		83ECECE716680F380078C93B /* selected_green.png in Resources */ = {isa = PBXBuildFile; fileRef = 83ECECE316680F380078C93B /* selected_green.png */; };
		83ECECF0166824D30078C93B /* 57-2.png in Resources */ = {isa = PBXBuildFile; fileRef = 83ECECED166824D30078C93B /* 57-2.png */; };
		83ECECF1166824D30078C93B /* 72-2.png in Resources */ = {isa = PBXBuildFile; fileRef = 83ECECEE166824D30078C93B /* 72-2.png */; };
		83ECECF2166824D30078C93B /* 114-2.png in Resources */ = {isa = PBXBuildFile; fileRef = 83ECECEF166824D30078C93B /* 114-2.png */; };
		83ECECF5166824E20078C93B /* AppDelegate.m in Sources */ = {isa = PBXBuildFile; fileRef = 83ECECF4166824E20078C93B /* AppDelegate.m */; };
		83ECECF8166824EE0078C93B /* ViewController.m in Sources */ = {isa = PBXBuildFile; fileRef = 83ECECF7166824EE0078C93B /* ViewController.m */; };
		83ECECFB166824F90078C93B /* MapMarker.m in Sources */ = {isa = PBXBuildFile; fileRef = 83ECECFA166824F90078C93B /* MapMarker.m */; };
		83ECECFE166825020078C93B /* SearchView.m in Sources */ = {isa = PBXBuildFile; fileRef = 83ECECFD166825020078C93B /* SearchView.m */; };
/* End PBXBuildFile section */

/* Begin PBXContainerItemProxy section */
		834B08B71666DF2E0041B279 /* PBXContainerItemProxy */ = {
			isa = PBXContainerItemProxy;
			containerPortal = 83C0B5691651BC2F0098474A /* Project object */;
			proxyType = 1;
			remoteGlobalIDString = 83C0B5711651BC2F0098474A;
			remoteInfo = Nearby;
		};
/* End PBXContainerItemProxy section */

/* Begin PBXFileReference section */
		834B085B1666DCF10041B279 /* NearbyTests.octest */ = {isa = PBXFileReference; explicitFileType = wrapper.cfbundle; includeInIndex = 0; path = NearbyTests.octest; sourceTree = BUILT_PRODUCTS_DIR; };
		834B08621666DCF10041B279 /* NearbyTests-Info.plist */ = {isa = PBXFileReference; lastKnownFileType = text.plist.xml; path = "NearbyTests-Info.plist"; sourceTree = "<group>"; };
		834B08641666DCF10041B279 /* en */ = {isa = PBXFileReference; lastKnownFileType = text.plist.strings; name = en; path = en.lproj/InfoPlist.strings; sourceTree = "<group>"; };
		834B08661666DCF10041B279 /* NearbyTests.h */ = {isa = PBXFileReference; lastKnownFileType = sourcecode.c.h; path = NearbyTests.h; sourceTree = "<group>"; };
		834B08671666DCF10041B279 /* NearbyTests.m */ = {isa = PBXFileReference; lastKnownFileType = sourcecode.c.objc; path = NearbyTests.m; sourceTree = "<group>"; };
		834B08691666DCF10041B279 /* NearbyTests-Prefix.pch */ = {isa = PBXFileReference; lastKnownFileType = sourcecode.c.h; path = "NearbyTests-Prefix.pch"; sourceTree = "<group>"; };
		834B08BE1666E7D70041B279 /* SenTestingKit.framework */ = {isa = PBXFileReference; lastKnownFileType = wrapper.framework; name = SenTestingKit.framework; path = Library/Frameworks/SenTestingKit.framework; sourceTree = DEVELOPER_DIR; };
		834B08C01666F3CA0041B279 /* CoreLocation.framework */ = {isa = PBXFileReference; lastKnownFileType = wrapper.framework; name = CoreLocation.framework; path = System/Library/Frameworks/CoreLocation.framework; sourceTree = SDKROOT; };
		83890DF816657C1500D95853 /* QuartzCore.framework */ = {isa = PBXFileReference; lastKnownFileType = wrapper.framework; name = QuartzCore.framework; path = System/Library/Frameworks/QuartzCore.framework; sourceTree = SDKROOT; };
		83C0B5721651BC2F0098474A /* Nearby.app */ = {isa = PBXFileReference; explicitFileType = wrapper.application; includeInIndex = 0; path = Nearby.app; sourceTree = BUILT_PRODUCTS_DIR; };
		83C0B5761651BC2F0098474A /* UIKit.framework */ = {isa = PBXFileReference; lastKnownFileType = wrapper.framework; name = UIKit.framework; path = System/Library/Frameworks/UIKit.framework; sourceTree = SDKROOT; };
		83C0B5781651BC2F0098474A /* Foundation.framework */ = {isa = PBXFileReference; lastKnownFileType = wrapper.framework; name = Foundation.framework; path = System/Library/Frameworks/Foundation.framework; sourceTree = SDKROOT; };
		83C0B57A1651BC2F0098474A /* CoreGraphics.framework */ = {isa = PBXFileReference; lastKnownFileType = wrapper.framework; name = CoreGraphics.framework; path = System/Library/Frameworks/CoreGraphics.framework; sourceTree = SDKROOT; };
		83C0B57E1651BC2F0098474A /* Nearby-Info.plist */ = {isa = PBXFileReference; lastKnownFileType = text.plist.xml; path = "Nearby-Info.plist"; sourceTree = "<group>"; };
		83C0B5801651BC2F0098474A /* en */ = {isa = PBXFileReference; lastKnownFileType = text.plist.strings; name = en; path = en.lproj/InfoPlist.strings; sourceTree = "<group>"; };
		83C0B5821651BC2F0098474A /* main.m */ = {isa = PBXFileReference; lastKnownFileType = sourcecode.c.objc; path = main.m; sourceTree = "<group>"; };
		83C0B5841651BC2F0098474A /* Nearby-Prefix.pch */ = {isa = PBXFileReference; lastKnownFileType = sourcecode.c.h; path = "Nearby-Prefix.pch"; sourceTree = "<group>"; };
		83C0B5CA1651EAF40098474A /* MapKit.framework */ = {isa = PBXFileReference; lastKnownFileType = wrapper.framework; name = MapKit.framework; path = System/Library/Frameworks/MapKit.framework; sourceTree = SDKROOT; };
		83ECECE016680F380078C93B /* disabled.png */ = {isa = PBXFileReference; lastKnownFileType = image.png; name = disabled.png; path = assets/disabled.png; sourceTree = "<group>"; };
		83ECECE116680F380078C93B /* normal_down.png */ = {isa = PBXFileReference; lastKnownFileType = image.png; name = normal_down.png; path = assets/normal_down.png; sourceTree = "<group>"; };
		83ECECE216680F380078C93B /* normal.png */ = {isa = PBXFileReference; lastKnownFileType = image.png; name = normal.png; path = assets/normal.png; sourceTree = "<group>"; };
		83ECECE316680F380078C93B /* selected_green.png */ = {isa = PBXFileReference; lastKnownFileType = image.png; name = selected_green.png; path = assets/selected_green.png; sourceTree = "<group>"; };
		83ECECED166824D30078C93B /* 57-2.png */ = {isa = PBXFileReference; lastKnownFileType = image.png; name = "57-2.png"; path = "Icons/57-2.png"; sourceTree = "<group>"; };
		83ECECEE166824D30078C93B /* 72-2.png */ = {isa = PBXFileReference; lastKnownFileType = image.png; name = "72-2.png"; path = "Icons/72-2.png"; sourceTree = "<group>"; };
		83ECECEF166824D30078C93B /* 114-2.png */ = {isa = PBXFileReference; lastKnownFileType = image.png; name = "114-2.png"; path = "Icons/114-2.png"; sourceTree = "<group>"; };
		83ECECF3166824E20078C93B /* AppDelegate.h */ = {isa = PBXFileReference; fileEncoding = 4; lastKnownFileType = sourcecode.c.h; name = AppDelegate.h; path = com/bti/AppDelegate.h; sourceTree = "<group>"; };
		83ECECF4166824E20078C93B /* AppDelegate.m */ = {isa = PBXFileReference; fileEncoding = 4; lastKnownFileType = sourcecode.c.objc; name = AppDelegate.m; path = com/bti/AppDelegate.m; sourceTree = "<group>"; };
		83ECECF6166824EE0078C93B /* ViewController.h */ = {isa = PBXFileReference; fileEncoding = 4; lastKnownFileType = sourcecode.c.h; name = ViewController.h; path = com/bti/controllers/ViewController.h; sourceTree = "<group>"; };
		83ECECF7166824EE0078C93B /* ViewController.m */ = {isa = PBXFileReference; fileEncoding = 4; lastKnownFileType = sourcecode.c.objc; name = ViewController.m; path = com/bti/controllers/ViewController.m; sourceTree = "<group>"; };
		83ECECF9166824F90078C93B /* MapMarker.h */ = {isa = PBXFileReference; fileEncoding = 4; lastKnownFileType = sourcecode.c.h; name = MapMarker.h; path = com/bti/models/MapMarker.h; sourceTree = "<group>"; };
		83ECECFA166824F90078C93B /* MapMarker.m */ = {isa = PBXFileReference; fileEncoding = 4; lastKnownFileType = sourcecode.c.objc; name = MapMarker.m; path = com/bti/models/MapMarker.m; sourceTree = "<group>"; };
		83ECECFC166825020078C93B /* SearchView.h */ = {isa = PBXFileReference; fileEncoding = 4; lastKnownFileType = sourcecode.c.h; name = SearchView.h; path = com/bti/views/SearchView.h; sourceTree = "<group>"; };
		83ECECFD166825020078C93B /* SearchView.m */ = {isa = PBXFileReference; fileEncoding = 4; lastKnownFileType = sourcecode.c.objc; name = SearchView.m; path = com/bti/views/SearchView.m; sourceTree = "<group>"; };
/* End PBXFileReference section */

/* Begin PBXFrameworksBuildPhase section */
		834B08571666DCF10041B279 /* Frameworks */ = {
			isa = PBXFrameworksBuildPhase;
			buildActionMask = 2147483647;
			files = (
				834B08BF1666E7D70041B279 /* SenTestingKit.framework in Frameworks */,
				834B085E1666DCF10041B279 /* UIKit.framework in Frameworks */,
				834B085F1666DCF10041B279 /* Foundation.framework in Frameworks */,
			);
			runOnlyForDeploymentPostprocessing = 0;
		};
		83C0B56F1651BC2F0098474A /* Frameworks */ = {
			isa = PBXFrameworksBuildPhase;
			buildActionMask = 2147483647;
			files = (
				834B08C11666F3CA0041B279 /* CoreLocation.framework in Frameworks */,
				83890DF916657C1500D95853 /* QuartzCore.framework in Frameworks */,
				83C0B5CB1651EAF40098474A /* MapKit.framework in Frameworks */,
				83C0B5771651BC2F0098474A /* UIKit.framework in Frameworks */,
				83C0B5791651BC2F0098474A /* Foundation.framework in Frameworks */,
				83C0B57B1651BC2F0098474A /* CoreGraphics.framework in Frameworks */,
			);
			runOnlyForDeploymentPostprocessing = 0;
		};
/* End PBXFrameworksBuildPhase section */

/* Begin PBXGroup section */
		834B08501666D0270041B279 /* Assets */ = {
			isa = PBXGroup;
			children = (
				83ECECE016680F380078C93B /* disabled.png */,
				83ECECE116680F380078C93B /* normal_down.png */,
				83ECECE216680F380078C93B /* normal.png */,
				83ECECE316680F380078C93B /* selected_green.png */,
			);
			name = Assets;
			sourceTree = "<group>";
		};
		834B08601666DCF10041B279 /* NearbyTests */ = {
			isa = PBXGroup;
			children = (
				834B08661666DCF10041B279 /* NearbyTests.h */,
				834B08671666DCF10041B279 /* NearbyTests.m */,
				834B08611666DCF10041B279 /* Supporting Files */,
			);
			path = NearbyTests;
			sourceTree = "<group>";
		};
		834B08611666DCF10041B279 /* Supporting Files */ = {
			isa = PBXGroup;
			children = (
				834B08621666DCF10041B279 /* NearbyTests-Info.plist */,
				834B08631666DCF10041B279 /* InfoPlist.strings */,
				834B08691666DCF10041B279 /* NearbyTests-Prefix.pch */,
			);
			name = "Supporting Files";
			sourceTree = "<group>";
		};
		83C0B5671651BC2F0098474A = {
			isa = PBXGroup;
			children = (
				83ECECED166824D30078C93B /* 57-2.png */,
				83ECECEE166824D30078C93B /* 72-2.png */,
				83ECECEF166824D30078C93B /* 114-2.png */,
				83C0B57C1651BC2F0098474A /* Nearby */,
				834B08601666DCF10041B279 /* NearbyTests */,
				83C0B5751651BC2F0098474A /* Frameworks */,
				83C0B5731651BC2F0098474A /* Products */,
			);
			sourceTree = "<group>";
		};
		83C0B5731651BC2F0098474A /* Products */ = {
			isa = PBXGroup;
			children = (
				83C0B5721651BC2F0098474A /* Nearby.app */,
				834B085B1666DCF10041B279 /* NearbyTests.octest */,
			);
			name = Products;
			sourceTree = "<group>";
		};
		83C0B5751651BC2F0098474A /* Frameworks */ = {
			isa = PBXGroup;
			children = (
				834B08C01666F3CA0041B279 /* CoreLocation.framework */,
				834B08BE1666E7D70041B279 /* SenTestingKit.framework */,
				83C0B5CA1651EAF40098474A /* MapKit.framework */,
				83890DF816657C1500D95853 /* QuartzCore.framework */,
				83C0B5761651BC2F0098474A /* UIKit.framework */,
				83C0B5781651BC2F0098474A /* Foundation.framework */,
				83C0B57A1651BC2F0098474A /* CoreGraphics.framework */,
			);
			name = Frameworks;
			sourceTree = "<group>";
		};
		83C0B57C1651BC2F0098474A /* Nearby */ = {
			isa = PBXGroup;
			children = (
				83ECECF3166824E20078C93B /* AppDelegate.h */,
				83ECECF4166824E20078C93B /* AppDelegate.m */,
				834B08501666D0270041B279 /* Assets */,
				83C0B59B1651BD310098474A /* Model */,
				83C0B59A1651BD160098474A /* GUI */,
				83C0B57D1651BC2F0098474A /* Supporting Files */,
			);
			path = Nearby;
			sourceTree = "<group>";
		};
		83C0B57D1651BC2F0098474A /* Supporting Files */ = {
			isa = PBXGroup;
			children = (
				83C0B57E1651BC2F0098474A /* Nearby-Info.plist */,
				83C0B57F1651BC2F0098474A /* InfoPlist.strings */,
				83C0B5821651BC2F0098474A /* main.m */,
				83C0B5841651BC2F0098474A /* Nearby-Prefix.pch */,
			);
			name = "Supporting Files";
			sourceTree = "<group>";
		};
		83C0B59A1651BD160098474A /* GUI */ = {
			isa = PBXGroup;
			children = (
				83ECECFC166825020078C93B /* SearchView.h */,
				83ECECFD166825020078C93B /* SearchView.m */,
				83ECECF6166824EE0078C93B /* ViewController.h */,
				83ECECF7166824EE0078C93B /* ViewController.m */,
			);
			name = GUI;
			sourceTree = "<group>";
		};
		83C0B59B1651BD310098474A /* Model */ = {
			isa = PBXGroup;
			children = (
				83ECECF9166824F90078C93B /* MapMarker.h */,
				83ECECFA166824F90078C93B /* MapMarker.m */,
			);
			name = Model;
			sourceTree = "<group>";
		};
/* End PBXGroup section */

/* Begin PBXNativeTarget section */
		834B085A1666DCF10041B279 /* NearbyTests */ = {
			isa = PBXNativeTarget;
			buildConfigurationList = 834B086A1666DCF10041B279 /* Build configuration list for PBXNativeTarget "NearbyTests" */;
			buildPhases = (
				834B08561666DCF10041B279 /* Sources */,
				834B08571666DCF10041B279 /* Frameworks */,
				834B08581666DCF10041B279 /* Resources */,
				834B08591666DCF10041B279 /* ShellScript */,
			);
			buildRules = (
			);
			dependencies = (
				834B08B81666DF2E0041B279 /* PBXTargetDependency */,
			);
			name = NearbyTests;
			productName = NearbyTests;
			productReference = 834B085B1666DCF10041B279 /* NearbyTests.octest */;
			productType = "com.apple.product-type.bundle";
		};
		83C0B5711651BC2F0098474A /* Nearby */ = {
			isa = PBXNativeTarget;
			buildConfigurationList = 83C0B5931651BC300098474A /* Build configuration list for PBXNativeTarget "Nearby" */;
			buildPhases = (
				83C0B56E1651BC2F0098474A /* Sources */,
				83C0B56F1651BC2F0098474A /* Frameworks */,
				83C0B5701651BC2F0098474A /* Resources */,
			);
			buildRules = (
			);
			dependencies = (
			);
			name = Nearby;
			productName = Nearby;
			productReference = 83C0B5721651BC2F0098474A /* Nearby.app */;
			productType = "com.apple.product-type.application";
		};
/* End PBXNativeTarget section */

/* Begin PBXProject section */
		83C0B5691651BC2F0098474A /* Project object */ = {
			isa = PBXProject;
			attributes = {
				LastUpgradeCheck = 0420;
				ORGANIZATIONNAME = "Blacktop Interactive, LLC";
			};
			buildConfigurationList = 83C0B56C1651BC2F0098474A /* Build configuration list for PBXProject "Nearby" */;
			compatibilityVersion = "Xcode 3.2";
			developmentRegion = English;
			hasScannedForEncodings = 0;
			knownRegions = (
				en,
			);
			mainGroup = 83C0B5671651BC2F0098474A;
			productRefGroup = 83C0B5731651BC2F0098474A /* Products */;
			projectDirPath = "";
			projectRoot = "";
			targets = (
				83C0B5711651BC2F0098474A /* Nearby */,
				834B085A1666DCF10041B279 /* NearbyTests */,
			);
		};
/* End PBXProject section */

/* Begin PBXResourcesBuildPhase section */
		834B08581666DCF10041B279 /* Resources */ = {
			isa = PBXResourcesBuildPhase;
			buildActionMask = 2147483647;
			files = (
				834B08651666DCF10041B279 /* InfoPlist.strings in Resources */,
			);
			runOnlyForDeploymentPostprocessing = 0;
		};
		83C0B5701651BC2F0098474A /* Resources */ = {
			isa = PBXResourcesBuildPhase;
			buildActionMask = 2147483647;
			files = (
				83C0B5811651BC2F0098474A /* InfoPlist.strings in Resources */,
				83ECECE416680F380078C93B /* disabled.png in Resources */,
				83ECECE516680F380078C93B /* normal_down.png in Resources */,
				83ECECE616680F380078C93B /* normal.png in Resources */,
				83ECECE716680F380078C93B /* selected_green.png in Resources */,
				83ECECF0166824D30078C93B /* 57-2.png in Resources */,
				83ECECF1166824D30078C93B /* 72-2.png in Resources */,
				83ECECF2166824D30078C93B /* 114-2.png in Resources */,
			);
			runOnlyForDeploymentPostprocessing = 0;
		};
/* End PBXResourcesBuildPhase section */

/* Begin PBXShellScriptBuildPhase section */
		834B08591666DCF10041B279 /* ShellScript */ = {
			isa = PBXShellScriptBuildPhase;
			buildActionMask = 2147483647;
			files = (
			);
			inputPaths = (
			);
			outputPaths = (
			);
			runOnlyForDeploymentPostprocessing = 0;
			shellPath = /bin/sh;
			shellScript = "# Run the unit tests in this test bundle.\n\"${SYSTEM_DEVELOPER_DIR}/Tools/RunUnitTests\"\n";
		};
/* End PBXShellScriptBuildPhase section */

/* Begin PBXSourcesBuildPhase section */
		834B08561666DCF10041B279 /* Sources */ = {
			isa = PBXSourcesBuildPhase;
			buildActionMask = 2147483647;
			files = (
				834B08681666DCF10041B279 /* NearbyTests.m in Sources */,
			);
			runOnlyForDeploymentPostprocessing = 0;
		};
		83C0B56E1651BC2F0098474A /* Sources */ = {
			isa = PBXSourcesBuildPhase;
			buildActionMask = 2147483647;
			files = (
				83C0B5831651BC2F0098474A /* main.m in Sources */,
				83ECECF5166824E20078C93B /* AppDelegate.m in Sources */,
				83ECECF8166824EE0078C93B /* ViewController.m in Sources */,
				83ECECFB166824F90078C93B /* MapMarker.m in Sources */,
				83ECECFE166825020078C93B /* SearchView.m in Sources */,
			);
			runOnlyForDeploymentPostprocessing = 0;
		};
/* End PBXSourcesBuildPhase section */

/* Begin PBXTargetDependency section */
		834B08B81666DF2E0041B279 /* PBXTargetDependency */ = {
			isa = PBXTargetDependency;
			target = 83C0B5711651BC2F0098474A /* Nearby */;
			targetProxy = 834B08B71666DF2E0041B279 /* PBXContainerItemProxy */;
		};
/* End PBXTargetDependency section */

/* Begin PBXVariantGroup section */
		834B08631666DCF10041B279 /* InfoPlist.strings */ = {
			isa = PBXVariantGroup;
			children = (
				834B08641666DCF10041B279 /* en */,
			);
			name = InfoPlist.strings;
			sourceTree = "<group>";
		};
		83C0B57F1651BC2F0098474A /* InfoPlist.strings */ = {
			isa = PBXVariantGroup;
			children = (
				83C0B5801651BC2F0098474A /* en */,
			);
			name = InfoPlist.strings;
			sourceTree = "<group>";
		};
/* End PBXVariantGroup section */

/* Begin XCBuildConfiguration section */
		834B086B1666DCF10041B279 /* Debug */ = {
			isa = XCBuildConfiguration;
			buildSettings = {
				FRAMEWORK_SEARCH_PATHS = (
					"$(SDKROOT)/Developer/Library/Frameworks",
					"$(DEVELOPER_LIBRARY_DIR)/Frameworks",
				);
				GCC_PRECOMPILE_PREFIX_HEADER = YES;
				GCC_PREFIX_HEADER = "NearbyTests/NearbyTests-Prefix.pch";
				INFOPLIST_FILE = "NearbyTests/NearbyTests-Info.plist";
				IPHONEOS_DEPLOYMENT_TARGET = 6.0;
				New_Setting = "";
				PRODUCT_NAME = "$(TARGET_NAME)";
				WRAPPER_EXTENSION = octest;
			};
			name = Debug;
		};
		834B086C1666DCF10041B279 /* Release */ = {
			isa = XCBuildConfiguration;
			buildSettings = {
				FRAMEWORK_SEARCH_PATHS = (
					"$(SDKROOT)/Developer/Library/Frameworks",
					"$(DEVELOPER_LIBRARY_DIR)/Frameworks",
				);
				GCC_PRECOMPILE_PREFIX_HEADER = YES;
				GCC_PREFIX_HEADER = "NearbyTests/NearbyTests-Prefix.pch";
				INFOPLIST_FILE = "NearbyTests/NearbyTests-Info.plist";
				IPHONEOS_DEPLOYMENT_TARGET = 6.0;
				New_Setting = "";
				PRODUCT_NAME = "$(TARGET_NAME)";
				WRAPPER_EXTENSION = octest;
			};
			name = Release;
		};
		83C0B5911651BC300098474A /* Debug */ = {
			isa = XCBuildConfiguration;
			buildSettings = {
				ALWAYS_SEARCH_USER_PATHS = NO;
				ARCHS = "$(ARCHS_STANDARD_32_BIT)";
				BUNDLE_LOADER = "";
				CLANG_ENABLE_OBJC_ARC = NO;
				CODE_SIGN_IDENTITY = "iPhone Developer";
				"CODE_SIGN_IDENTITY[sdk=iphoneos*]" = "iPhone Developer";
				COPY_PHASE_STRIP = NO;
				GCC_C_LANGUAGE_STANDARD = gnu99;
				GCC_DYNAMIC_NO_PIC = NO;
				GCC_OPTIMIZATION_LEVEL = 0;
				GCC_PREPROCESSOR_DEFINITIONS = (
					"DEBUG=1",
					"$(inherited)",
				);
				GCC_SYMBOLS_PRIVATE_EXTERN = NO;
				GCC_VERSION = com.apple.compilers.llvm.clang.1_0;
				GCC_WARN_ABOUT_MISSING_PROTOTYPES = YES;
				GCC_WARN_ABOUT_RETURN_TYPE = YES;
				GCC_WARN_UNUSED_VARIABLE = YES;
				IPHONEOS_DEPLOYMENT_TARGET = 5.0;
				PROVISIONING_PROFILE = "";
				"PROVISIONING_PROFILE[sdk=iphoneos*]" = "";
				SDKROOT = iphoneos;
				TARGETED_DEVICE_FAMILY = "1,2";
				TEST_HOST = "";
			};
			name = Debug;
		};
		83C0B5921651BC300098474A /* Release */ = {
			isa = XCBuildConfiguration;
			buildSettings = {
				ALWAYS_SEARCH_USER_PATHS = NO;
				ARCHS = "$(ARCHS_STANDARD_32_BIT)";
				BUNDLE_LOADER = "";
				CLANG_ENABLE_OBJC_ARC = NO;
				CODE_SIGN_IDENTITY = "iPhone Distribution";
				"CODE_SIGN_IDENTITY[sdk=*]" = "iPhone Distribution";
				COPY_PHASE_STRIP = YES;
				GCC_C_LANGUAGE_STANDARD = gnu99;
				GCC_VERSION = com.apple.compilers.llvm.clang.1_0;
				GCC_WARN_ABOUT_MISSING_PROTOTYPES = YES;
				GCC_WARN_ABOUT_RETURN_TYPE = YES;
				GCC_WARN_UNUSED_VARIABLE = YES;
				IPHONEOS_DEPLOYMENT_TARGET = 5.0;
				OTHER_CFLAGS = "-DNS_BLOCK_ASSERTIONS=1";
				PROVISIONING_PROFILE = "";
				"PROVISIONING_PROFILE[sdk=*]" = "";
				SDKROOT = iphoneos;
				TARGETED_DEVICE_FAMILY = "1,2";
				TEST_HOST = "";
				VALIDATE_PRODUCT = YES;
			};
			name = Release;
		};
		83C0B5941651BC300098474A /* Debug */ = {
			isa = XCBuildConfiguration;
			buildSettings = {
				GCC_PRECOMPILE_PREFIX_HEADER = YES;
				GCC_PREFIX_HEADER = "Nearby/Nearby-Prefix.pch";
				INFOPLIST_FILE = "Nearby/Nearby-Info.plist";
				IPHONEOS_DEPLOYMENT_TARGET = 5.0;
				PRODUCT_NAME = "$(TARGET_NAME)";
				WRAPPER_EXTENSION = app;
			};
			name = Debug;
		};
		83C0B5951651BC300098474A /* Release */ = {
			isa = XCBuildConfiguration;
			buildSettings = {
				GCC_PRECOMPILE_PREFIX_HEADER = YES;
				GCC_PREFIX_HEADER = "Nearby/Nearby-Prefix.pch";
				GCC_SYMBOLS_PRIVATE_EXTERN = NO;
				INFOPLIST_FILE = "Nearby/Nearby-Info.plist";
				IPHONEOS_DEPLOYMENT_TARGET = 5.0;
				PRODUCT_NAME = "$(TARGET_NAME)";
				WRAPPER_EXTENSION = app;
			};
			name = Release;
		};
/* End XCBuildConfiguration section */

/* Begin XCConfigurationList section */
		834B086A1666DCF10041B279 /* Build configuration list for PBXNativeTarget "NearbyTests" */ = {
			isa = XCConfigurationList;
			buildConfigurations = (
				834B086B1666DCF10041B279 /* Debug */,
				834B086C1666DCF10041B279 /* Release */,
			);
			defaultConfigurationIsVisible = 0;
			defaultConfigurationName = Release;
		};
		83C0B56C1651BC2F0098474A /* Build configuration list for PBXProject "Nearby" */ = {
			isa = XCConfigurationList;
			buildConfigurations = (
				83C0B5911651BC300098474A /* Debug */,
				83C0B5921651BC300098474A /* Release */,
			);
			defaultConfigurationIsVisible = 0;
			defaultConfigurationName = Release;
		};
		83C0B5931651BC300098474A /* Build configuration list for PBXNativeTarget "Nearby" */ = {
			isa = XCConfigurationList;
			buildConfigurations = (
				83C0B5941651BC300098474A /* Debug */,
				83C0B5951651BC300098474A /* Release */,
			);
			defaultConfigurationIsVisible = 0;
			defaultConfigurationName = Release;
		};
/* End XCConfigurationList section */
	};
	rootObject = 83C0B5691651BC2F0098474A /* Project object */;
}
